// !$*UTF8*$!
{
	archiveVersion = 1;
	classes = {
	};
	objectVersion = 56;
	objects = {

/* Begin PBXBuildFile section */
		2CD0BA8229D193E9003D30E7 /* water.wav in Resources */ = {isa = PBXBuildFile; fileRef = 2CD0BA7A29D193E8003D30E7 /* water.wav */; };
		2CD0BA8329D193E9003D30E7 /* ducks.wav in Resources */ = {isa = PBXBuildFile; fileRef = 2CD0BA7B29D193E8003D30E7 /* ducks.wav */; };
		2CD0BA8429D193E9003D30E7 /* children.wav in Resources */ = {isa = PBXBuildFile; fileRef = 2CD0BA7C29D193E8003D30E7 /* children.wav */; };
		2CD0BA8529D193E9003D30E7 /* car.wav in Resources */ = {isa = PBXBuildFile; fileRef = 2CD0BA7D29D193E8003D30E7 /* car.wav */; };
		2CD0BA8629D193E9003D30E7 /* bicycle.wav in Resources */ = {isa = PBXBuildFile; fileRef = 2CD0BA7E29D193E8003D30E7 /* bicycle.wav */; };
		2CD0BA8729D193E9003D30E7 /* dogs.wav in Resources */ = {isa = PBXBuildFile; fileRef = 2CD0BA7F29D193E9003D30E7 /* dogs.wav */; };
		2CD0BA8829D193E9003D30E7 /* birds.wav in Resources */ = {isa = PBXBuildFile; fileRef = 2CD0BA8029D193E9003D30E7 /* birds.wav */; };
		2CD0BA8929D193E9003D30E7 /* cats.wav in Resources */ = {isa = PBXBuildFile; fileRef = 2CD0BA8129D193E9003D30E7 /* cats.wav */; };
		6ADE702129C53C7200A3A84B /* AppDelegate.swift in Sources */ = {isa = PBXBuildFile; fileRef = 6ADE702029C53C7200A3A84B /* AppDelegate.swift */; };
		6ADE702329C53C7200A3A84B /* SceneDelegate.swift in Sources */ = {isa = PBXBuildFile; fileRef = 6ADE702229C53C7200A3A84B /* SceneDelegate.swift */; };
		6ADE702529C53C7200A3A84B /* MainViewController.swift in Sources */ = {isa = PBXBuildFile; fileRef = 6ADE702429C53C7200A3A84B /* MainViewController.swift */; };
		6ADE702829C53C7200A3A84B /* Main.storyboard in Resources */ = {isa = PBXBuildFile; fileRef = 6ADE702629C53C7200A3A84B /* Main.storyboard */; };
		6ADE702A29C53C7300A3A84B /* Assets.xcassets in Resources */ = {isa = PBXBuildFile; fileRef = 6ADE702929C53C7300A3A84B /* Assets.xcassets */; };
		6ADE702D29C53C7300A3A84B /* LaunchScreen.storyboard in Resources */ = {isa = PBXBuildFile; fileRef = 6ADE702B29C53C7300A3A84B /* LaunchScreen.storyboard */; };
		6ADE703629C53DE000A3A84B /* GlanceViewController.swift in Sources */ = {isa = PBXBuildFile; fileRef = 6ADE703529C53DE000A3A84B /* GlanceViewController.swift */; };
		6ADE703929C53E7400A3A84B /* FixationViewController.swift in Sources */ = {isa = PBXBuildFile; fileRef = 6ADE703829C53E7400A3A84B /* FixationViewController.swift */; };
		6ADE703D29C53F0A00A3A84B /* MemoryViewController.swift in Sources */ = {isa = PBXBuildFile; fileRef = 6ADE703B29C53F0A00A3A84B /* MemoryViewController.swift */; };
		6ADE703E29C53F0A00A3A84B /* MemoryViewController.xib in Resources */ = {isa = PBXBuildFile; fileRef = 6ADE703C29C53F0A00A3A84B /* MemoryViewController.xib */; };
		6ADE704229C53F6300A3A84B /* SharingViewController.swift in Sources */ = {isa = PBXBuildFile; fileRef = 6ADE704029C53F6300A3A84B /* SharingViewController.swift */; };
		6ADE704329C53F6300A3A84B /* SharingViewController.xib in Resources */ = {isa = PBXBuildFile; fileRef = 6ADE704129C53F6300A3A84B /* SharingViewController.xib */; };
		6ADE704729C5497400A3A84B /* glance_fixed_prompt.m4a in Resources */ = {isa = PBXBuildFile; fileRef = 6ADE704629C5497400A3A84B /* glance_fixed_prompt.m4a */; };
		6ADE704B29C54FC800A3A84B /* GlanceViewController.xib in Resources */ = {isa = PBXBuildFile; fileRef = 6ADE704A29C54FC800A3A84B /* GlanceViewController.xib */; };
		6ADE704E29C5A5C800A3A84B /* GlanceCollectionViewCell.swift in Sources */ = {isa = PBXBuildFile; fileRef = 6ADE704C29C5A5C800A3A84B /* GlanceCollectionViewCell.swift */; };
		6ADE704F29C5A5C800A3A84B /* GlanceCollectionViewCell.xib in Resources */ = {isa = PBXBuildFile; fileRef = 6ADE704D29C5A5C800A3A84B /* GlanceCollectionViewCell.xib */; };
		6ADE705129C5ABB300A3A84B /* glance_mock.json in Resources */ = {isa = PBXBuildFile; fileRef = 6ADE705029C5ABB300A3A84B /* glance_mock.json */; };
		6ADE705329C5AC4B00A3A84B /* SceneModel.swift in Sources */ = {isa = PBXBuildFile; fileRef = 6ADE705229C5AC4B00A3A84B /* SceneModel.swift */; };
		6ADE705629C5BE3800A3A84B /* Toast.swift in Sources */ = {isa = PBXBuildFile; fileRef = 6ADE705529C5BE3800A3A84B /* Toast.swift */; };
		6ADE705829C5C5EC00A3A84B /* FixationViewController.xib in Resources */ = {isa = PBXBuildFile; fileRef = 6ADE705729C5C5EC00A3A84B /* FixationViewController.xib */; };
		6ADE705A29C5CA4800A3A84B /* NavigationTopViewController.swift in Sources */ = {isa = PBXBuildFile; fileRef = 6ADE705929C5CA4800A3A84B /* NavigationTopViewController.swift */; };
		6ADE705C29C5DD2A00A3A84B /* FixationItemView.swift in Sources */ = {isa = PBXBuildFile; fileRef = 6ADE705B29C5DD2A00A3A84B /* FixationItemView.swift */; };
		6ADE705E29C5DD4100A3A84B /* FixationItemView.xib in Resources */ = {isa = PBXBuildFile; fileRef = 6ADE705D29C5DD4100A3A84B /* FixationItemView.xib */; };
		6ADE706229C5DF9400A3A84B /* fixation_mock.json in Resources */ = {isa = PBXBuildFile; fileRef = 6ADE706129C5DF9400A3A84B /* fixation_mock.json */; };
		6ADE706429C5E96300A3A84B /* fixiation_example_background.png in Resources */ = {isa = PBXBuildFile; fileRef = 6ADE706329C5E96300A3A84B /* fixiation_example_background.png */; };
		6ADE706629C5EA7700A3A84B /* Specs.swift in Sources */ = {isa = PBXBuildFile; fileRef = 6ADE706529C5EA7700A3A84B /* Specs.swift */; };
		6ADE706829C5EEEF00A3A84B /* beep.wav in Resources */ = {isa = PBXBuildFile; fileRef = 6ADE706729C5EEEF00A3A84B /* beep.wav */; };
		6ADE706A29C692E200A3A84B /* fixation_subscene_mock.json in Resources */ = {isa = PBXBuildFile; fileRef = 6ADE706929C692E200A3A84B /* fixation_subscene_mock.json */; };
		6ADE706C29C6C8C600A3A84B /* memory_mock.json in Resources */ = {isa = PBXBuildFile; fileRef = 6ADE706B29C6C8C600A3A84B /* memory_mock.json */; };
		6ADE706F29C6CB9B00A3A84B /* MemoryCollectionViewCell.swift in Sources */ = {isa = PBXBuildFile; fileRef = 6ADE706D29C6CB9B00A3A84B /* MemoryCollectionViewCell.swift */; };
		6ADE707029C6CB9B00A3A84B /* MemoryCollectionViewCell.xib in Resources */ = {isa = PBXBuildFile; fileRef = 6ADE706E29C6CB9B00A3A84B /* MemoryCollectionViewCell.xib */; };
		6ADE707329C73D3900A3A84B /* MemorySectionHeaderView.swift in Sources */ = {isa = PBXBuildFile; fileRef = 6ADE707129C73D3900A3A84B /* MemorySectionHeaderView.swift */; };
		6ADE707429C73D3900A3A84B /* MemorySectionHeaderView.xib in Resources */ = {isa = PBXBuildFile; fileRef = 6ADE707229C73D3900A3A84B /* MemorySectionHeaderView.xib */; };
		6ADE707629C8442E00A3A84B /* AudioHelper.swift in Sources */ = {isa = PBXBuildFile; fileRef = 6ADE707529C8442E00A3A84B /* AudioHelper.swift */; };
		6ADE707829C93FC700A3A84B /* NetworkRequester.swift in Sources */ = {isa = PBXBuildFile; fileRef = 6ADE707729C93FC700A3A84B /* NetworkRequester.swift */; };
/* End PBXBuildFile section */

/* Begin PBXFileReference section */
		2CD0BA7A29D193E8003D30E7 /* water.wav */ = {isa = PBXFileReference; lastKnownFileType = audio.wav; path = water.wav; sourceTree = "<group>"; };
		2CD0BA7B29D193E8003D30E7 /* ducks.wav */ = {isa = PBXFileReference; lastKnownFileType = audio.wav; path = ducks.wav; sourceTree = "<group>"; };
		2CD0BA7C29D193E8003D30E7 /* children.wav */ = {isa = PBXFileReference; lastKnownFileType = audio.wav; path = children.wav; sourceTree = "<group>"; };
		2CD0BA7D29D193E8003D30E7 /* car.wav */ = {isa = PBXFileReference; lastKnownFileType = audio.wav; path = car.wav; sourceTree = "<group>"; };
		2CD0BA7E29D193E8003D30E7 /* bicycle.wav */ = {isa = PBXFileReference; lastKnownFileType = audio.wav; path = bicycle.wav; sourceTree = "<group>"; };
		2CD0BA7F29D193E9003D30E7 /* dogs.wav */ = {isa = PBXFileReference; lastKnownFileType = audio.wav; path = dogs.wav; sourceTree = "<group>"; };
		2CD0BA8029D193E9003D30E7 /* birds.wav */ = {isa = PBXFileReference; lastKnownFileType = audio.wav; path = birds.wav; sourceTree = "<group>"; };
		2CD0BA8129D193E9003D30E7 /* cats.wav */ = {isa = PBXFileReference; lastKnownFileType = audio.wav; path = cats.wav; sourceTree = "<group>"; };
		6ADE701D29C53C7200A3A84B /* SightGuide.app */ = {isa = PBXFileReference; explicitFileType = wrapper.application; includeInIndex = 0; path = SightGuide.app; sourceTree = BUILT_PRODUCTS_DIR; };
		6ADE702029C53C7200A3A84B /* AppDelegate.swift */ = {isa = PBXFileReference; lastKnownFileType = sourcecode.swift; path = AppDelegate.swift; sourceTree = "<group>"; };
		6ADE702229C53C7200A3A84B /* SceneDelegate.swift */ = {isa = PBXFileReference; lastKnownFileType = sourcecode.swift; path = SceneDelegate.swift; sourceTree = "<group>"; };
		6ADE702429C53C7200A3A84B /* MainViewController.swift */ = {isa = PBXFileReference; lastKnownFileType = sourcecode.swift; path = MainViewController.swift; sourceTree = "<group>"; };
		6ADE702729C53C7200A3A84B /* Base */ = {isa = PBXFileReference; lastKnownFileType = file.storyboard; name = Base; path = Base.lproj/Main.storyboard; sourceTree = "<group>"; };
		6ADE702929C53C7300A3A84B /* Assets.xcassets */ = {isa = PBXFileReference; lastKnownFileType = folder.assetcatalog; path = Assets.xcassets; sourceTree = "<group>"; };
		6ADE702C29C53C7300A3A84B /* Base */ = {isa = PBXFileReference; lastKnownFileType = file.storyboard; name = Base; path = Base.lproj/LaunchScreen.storyboard; sourceTree = "<group>"; };
		6ADE702E29C53C7300A3A84B /* Info.plist */ = {isa = PBXFileReference; lastKnownFileType = text.plist.xml; path = Info.plist; sourceTree = "<group>"; };
		6ADE703529C53DE000A3A84B /* GlanceViewController.swift */ = {isa = PBXFileReference; lastKnownFileType = sourcecode.swift; path = GlanceViewController.swift; sourceTree = "<group>"; };
		6ADE703829C53E7400A3A84B /* FixationViewController.swift */ = {isa = PBXFileReference; lastKnownFileType = sourcecode.swift; path = FixationViewController.swift; sourceTree = "<group>"; };
		6ADE703B29C53F0A00A3A84B /* MemoryViewController.swift */ = {isa = PBXFileReference; lastKnownFileType = sourcecode.swift; path = MemoryViewController.swift; sourceTree = "<group>"; };
		6ADE703C29C53F0A00A3A84B /* MemoryViewController.xib */ = {isa = PBXFileReference; lastKnownFileType = file.xib; path = MemoryViewController.xib; sourceTree = "<group>"; };
		6ADE704029C53F6300A3A84B /* SharingViewController.swift */ = {isa = PBXFileReference; lastKnownFileType = sourcecode.swift; path = SharingViewController.swift; sourceTree = "<group>"; };
		6ADE704129C53F6300A3A84B /* SharingViewController.xib */ = {isa = PBXFileReference; lastKnownFileType = file.xib; path = SharingViewController.xib; sourceTree = "<group>"; };
		6ADE704629C5497400A3A84B /* glance_fixed_prompt.m4a */ = {isa = PBXFileReference; lastKnownFileType = file; path = glance_fixed_prompt.m4a; sourceTree = "<group>"; };
		6ADE704A29C54FC800A3A84B /* GlanceViewController.xib */ = {isa = PBXFileReference; lastKnownFileType = file.xib; path = GlanceViewController.xib; sourceTree = "<group>"; };
		6ADE704C29C5A5C800A3A84B /* GlanceCollectionViewCell.swift */ = {isa = PBXFileReference; lastKnownFileType = sourcecode.swift; path = GlanceCollectionViewCell.swift; sourceTree = "<group>"; };
		6ADE704D29C5A5C800A3A84B /* GlanceCollectionViewCell.xib */ = {isa = PBXFileReference; lastKnownFileType = file.xib; path = GlanceCollectionViewCell.xib; sourceTree = "<group>"; };
		6ADE705029C5ABB300A3A84B /* glance_mock.json */ = {isa = PBXFileReference; lastKnownFileType = text.json; path = glance_mock.json; sourceTree = "<group>"; };
		6ADE705229C5AC4B00A3A84B /* SceneModel.swift */ = {isa = PBXFileReference; lastKnownFileType = sourcecode.swift; path = SceneModel.swift; sourceTree = "<group>"; };
		6ADE705529C5BE3800A3A84B /* Toast.swift */ = {isa = PBXFileReference; lastKnownFileType = sourcecode.swift; path = Toast.swift; sourceTree = "<group>"; };
		6ADE705729C5C5EC00A3A84B /* FixationViewController.xib */ = {isa = PBXFileReference; lastKnownFileType = file.xib; path = FixationViewController.xib; sourceTree = "<group>"; };
		6ADE705929C5CA4800A3A84B /* NavigationTopViewController.swift */ = {isa = PBXFileReference; lastKnownFileType = sourcecode.swift; path = NavigationTopViewController.swift; sourceTree = "<group>"; };
		6ADE705B29C5DD2A00A3A84B /* FixationItemView.swift */ = {isa = PBXFileReference; lastKnownFileType = sourcecode.swift; path = FixationItemView.swift; sourceTree = "<group>"; };
		6ADE705D29C5DD4100A3A84B /* FixationItemView.xib */ = {isa = PBXFileReference; lastKnownFileType = file.xib; path = FixationItemView.xib; sourceTree = "<group>"; };
		6ADE706129C5DF9400A3A84B /* fixation_mock.json */ = {isa = PBXFileReference; lastKnownFileType = text.json; path = fixation_mock.json; sourceTree = "<group>"; };
		6ADE706329C5E96300A3A84B /* fixiation_example_background.png */ = {isa = PBXFileReference; lastKnownFileType = image.png; path = fixiation_example_background.png; sourceTree = "<group>"; };
		6ADE706529C5EA7700A3A84B /* Specs.swift */ = {isa = PBXFileReference; lastKnownFileType = sourcecode.swift; path = Specs.swift; sourceTree = "<group>"; };
		6ADE706729C5EEEF00A3A84B /* beep.wav */ = {isa = PBXFileReference; lastKnownFileType = audio.wav; path = beep.wav; sourceTree = "<group>"; };
		6ADE706929C692E200A3A84B /* fixation_subscene_mock.json */ = {isa = PBXFileReference; lastKnownFileType = text.json; path = fixation_subscene_mock.json; sourceTree = "<group>"; };
		6ADE706B29C6C8C600A3A84B /* memory_mock.json */ = {isa = PBXFileReference; lastKnownFileType = text.json; path = memory_mock.json; sourceTree = "<group>"; };
		6ADE706D29C6CB9B00A3A84B /* MemoryCollectionViewCell.swift */ = {isa = PBXFileReference; lastKnownFileType = sourcecode.swift; path = MemoryCollectionViewCell.swift; sourceTree = "<group>"; };
		6ADE706E29C6CB9B00A3A84B /* MemoryCollectionViewCell.xib */ = {isa = PBXFileReference; lastKnownFileType = file.xib; path = MemoryCollectionViewCell.xib; sourceTree = "<group>"; };
		6ADE707129C73D3900A3A84B /* MemorySectionHeaderView.swift */ = {isa = PBXFileReference; lastKnownFileType = sourcecode.swift; path = MemorySectionHeaderView.swift; sourceTree = "<group>"; };
		6ADE707229C73D3900A3A84B /* MemorySectionHeaderView.xib */ = {isa = PBXFileReference; lastKnownFileType = file.xib; path = MemorySectionHeaderView.xib; sourceTree = "<group>"; };
		6ADE707529C8442E00A3A84B /* AudioHelper.swift */ = {isa = PBXFileReference; lastKnownFileType = sourcecode.swift; path = AudioHelper.swift; sourceTree = "<group>"; };
		6ADE707729C93FC700A3A84B /* NetworkRequester.swift */ = {isa = PBXFileReference; lastKnownFileType = sourcecode.swift; path = NetworkRequester.swift; sourceTree = "<group>"; };
/* End PBXFileReference section */

/* Begin PBXFrameworksBuildPhase section */
		6ADE701A29C53C7200A3A84B /* Frameworks */ = {
			isa = PBXFrameworksBuildPhase;
			buildActionMask = 2147483647;
			files = (
			);
			runOnlyForDeploymentPostprocessing = 0;
		};
/* End PBXFrameworksBuildPhase section */

/* Begin PBXGroup section */
		6ADE701429C53C7200A3A84B = {
			isa = PBXGroup;
			children = (
				6ADE701F29C53C7200A3A84B /* SightGuide */,
				6ADE701E29C53C7200A3A84B /* Products */,
			);
			sourceTree = "<group>";
		};
		6ADE701E29C53C7200A3A84B /* Products */ = {
			isa = PBXGroup;
			children = (
				6ADE701D29C53C7200A3A84B /* SightGuide.app */,
			);
			name = Products;
			sourceTree = "<group>";
		};
		6ADE701F29C53C7200A3A84B /* SightGuide */ = {
			isa = PBXGroup;
			children = (
				6ADE704429C53FB400A3A84B /* Main */,
				6ADE703429C53DC200A3A84B /* Glance */,
				6ADE703729C53E5E00A3A84B /* Fixation */,
				6ADE703A29C53ED900A3A84B /* Memory */,
				6ADE703F29C53F4300A3A84B /* Sharing */,
				6ADE705429C5BE2000A3A84B /* Helpers */,
				6ADE702029C53C7200A3A84B /* AppDelegate.swift */,
				6ADE702229C53C7200A3A84B /* SceneDelegate.swift */,
				6ADE704529C5497400A3A84B /* Resources */,
				6ADE702629C53C7200A3A84B /* Main.storyboard */,
				6ADE702929C53C7300A3A84B /* Assets.xcassets */,
				6ADE702B29C53C7300A3A84B /* LaunchScreen.storyboard */,
				6ADE702E29C53C7300A3A84B /* Info.plist */,
			);
			path = SightGuide;
			sourceTree = "<group>";
		};
		6ADE703429C53DC200A3A84B /* Glance */ = {
			isa = PBXGroup;
			children = (
				6ADE703529C53DE000A3A84B /* GlanceViewController.swift */,
				6ADE704A29C54FC800A3A84B /* GlanceViewController.xib */,
				6ADE704C29C5A5C800A3A84B /* GlanceCollectionViewCell.swift */,
				6ADE704D29C5A5C800A3A84B /* GlanceCollectionViewCell.xib */,
			);
			path = Glance;
			sourceTree = "<group>";
		};
		6ADE703729C53E5E00A3A84B /* Fixation */ = {
			isa = PBXGroup;
			children = (
				6ADE703829C53E7400A3A84B /* FixationViewController.swift */,
				6ADE705729C5C5EC00A3A84B /* FixationViewController.xib */,
				6ADE705B29C5DD2A00A3A84B /* FixationItemView.swift */,
				6ADE705D29C5DD4100A3A84B /* FixationItemView.xib */,
			);
			path = Fixation;
			sourceTree = "<group>";
		};
		6ADE703A29C53ED900A3A84B /* Memory */ = {
			isa = PBXGroup;
			children = (
				6ADE703B29C53F0A00A3A84B /* MemoryViewController.swift */,
				6ADE703C29C53F0A00A3A84B /* MemoryViewController.xib */,
				6ADE706D29C6CB9B00A3A84B /* MemoryCollectionViewCell.swift */,
				6ADE706E29C6CB9B00A3A84B /* MemoryCollectionViewCell.xib */,
				6ADE707129C73D3900A3A84B /* MemorySectionHeaderView.swift */,
				6ADE707229C73D3900A3A84B /* MemorySectionHeaderView.xib */,
			);
			path = Memory;
			sourceTree = "<group>";
		};
		6ADE703F29C53F4300A3A84B /* Sharing */ = {
			isa = PBXGroup;
			children = (
				6ADE704029C53F6300A3A84B /* SharingViewController.swift */,
				6ADE704129C53F6300A3A84B /* SharingViewController.xib */,
			);
			path = Sharing;
			sourceTree = "<group>";
		};
		6ADE704429C53FB400A3A84B /* Main */ = {
			isa = PBXGroup;
			children = (
				6ADE702429C53C7200A3A84B /* MainViewController.swift */,
				6ADE705229C5AC4B00A3A84B /* SceneModel.swift */,
			);
			path = Main;
			sourceTree = "<group>";
		};
		6ADE704529C5497400A3A84B /* Resources */ = {
			isa = PBXGroup;
			children = (
				6ADE706729C5EEEF00A3A84B /* beep.wav */,
				6ADE706329C5E96300A3A84B /* fixiation_example_background.png */,
				6ADE704629C5497400A3A84B /* glance_fixed_prompt.m4a */,
				6ADE705029C5ABB300A3A84B /* glance_mock.json */,
				6ADE706129C5DF9400A3A84B /* fixation_mock.json */,
				6ADE706929C692E200A3A84B /* fixation_subscene_mock.json */,
				6ADE706B29C6C8C600A3A84B /* memory_mock.json */,
			);
			path = Resources;
			sourceTree = "<group>";
		};
		6ADE705429C5BE2000A3A84B /* Helpers */ = {
			isa = PBXGroup;
			children = (
				6ADE705529C5BE3800A3A84B /* Toast.swift */,
				6ADE705929C5CA4800A3A84B /* NavigationTopViewController.swift */,
				6ADE706529C5EA7700A3A84B /* Specs.swift */,
				6ADE707529C8442E00A3A84B /* AudioHelper.swift */,
				6ADE707729C93FC700A3A84B /* NetworkRequester.swift */,
			);
			path = Helpers;
			sourceTree = "<group>";
		};
/* End PBXGroup section */

/* Begin PBXNativeTarget section */
		6ADE701C29C53C7200A3A84B /* SightGuide */ = {
			isa = PBXNativeTarget;
			buildConfigurationList = 6ADE703129C53C7300A3A84B /* Build configuration list for PBXNativeTarget "SightGuide" */;
			buildPhases = (
				6ADE701929C53C7200A3A84B /* Sources */,
				6ADE701A29C53C7200A3A84B /* Frameworks */,
				6ADE701B29C53C7200A3A84B /* Resources */,
			);
			buildRules = (
			);
			dependencies = (
			);
			name = SightGuide;
			productName = SightGuide;
			productReference = 6ADE701D29C53C7200A3A84B /* SightGuide.app */;
			productType = "com.apple.product-type.application";
		};
/* End PBXNativeTarget section */

/* Begin PBXProject section */
		6ADE701529C53C7200A3A84B /* Project object */ = {
			isa = PBXProject;
			attributes = {
				BuildIndependentTargetsInParallel = 1;
				LastSwiftUpdateCheck = 1410;
				LastUpgradeCheck = 1410;
				TargetAttributes = {
					6ADE701C29C53C7200A3A84B = {
						CreatedOnToolsVersion = 14.1;
					};
				};
			};
			buildConfigurationList = 6ADE701829C53C7200A3A84B /* Build configuration list for PBXProject "SightGuide" */;
			compatibilityVersion = "Xcode 14.0";
			developmentRegion = en;
			hasScannedForEncodings = 0;
			knownRegions = (
				en,
				Base,
			);
			mainGroup = 6ADE701429C53C7200A3A84B;
			productRefGroup = 6ADE701E29C53C7200A3A84B /* Products */;
			projectDirPath = "";
			projectRoot = "";
			targets = (
				6ADE701C29C53C7200A3A84B /* SightGuide */,
			);
		};
/* End PBXProject section */

/* Begin PBXResourcesBuildPhase section */
		6ADE701B29C53C7200A3A84B /* Resources */ = {
			isa = PBXResourcesBuildPhase;
			buildActionMask = 2147483647;
			files = (
				6ADE702D29C53C7300A3A84B /* LaunchScreen.storyboard in Resources */,
				6ADE705129C5ABB300A3A84B /* glance_mock.json in Resources */,
				6ADE704729C5497400A3A84B /* glance_fixed_prompt.m4a in Resources */,
				6ADE706429C5E96300A3A84B /* fixiation_example_background.png in Resources */,
				6ADE707429C73D3900A3A84B /* MemorySectionHeaderView.xib in Resources */,
				6ADE706829C5EEEF00A3A84B /* beep.wav in Resources */,
				6ADE703E29C53F0A00A3A84B /* MemoryViewController.xib in Resources */,
				6ADE706229C5DF9400A3A84B /* fixation_mock.json in Resources */,
				6ADE704B29C54FC800A3A84B /* GlanceViewController.xib in Resources */,
				6ADE705E29C5DD4100A3A84B /* FixationItemView.xib in Resources */,
				6ADE702A29C53C7300A3A84B /* Assets.xcassets in Resources */,
				6ADE706C29C6C8C600A3A84B /* memory_mock.json in Resources */,
				6ADE706A29C692E200A3A84B /* fixation_subscene_mock.json in Resources */,
				6ADE705829C5C5EC00A3A84B /* FixationViewController.xib in Resources */,
				6ADE704329C53F6300A3A84B /* SharingViewController.xib in Resources */,
				6ADE707029C6CB9B00A3A84B /* MemoryCollectionViewCell.xib in Resources */,
				6ADE704F29C5A5C800A3A84B /* GlanceCollectionViewCell.xib in Resources */,
				6ADE702829C53C7200A3A84B /* Main.storyboard in Resources */,
			);
			runOnlyForDeploymentPostprocessing = 0;
		};
/* End PBXResourcesBuildPhase section */

/* Begin PBXSourcesBuildPhase section */
		6ADE701929C53C7200A3A84B /* Sources */ = {
			isa = PBXSourcesBuildPhase;
			buildActionMask = 2147483647;
			files = (
				6ADE702529C53C7200A3A84B /* MainViewController.swift in Sources */,
				6ADE704229C53F6300A3A84B /* SharingViewController.swift in Sources */,
				6ADE707329C73D3900A3A84B /* MemorySectionHeaderView.swift in Sources */,
				6ADE706629C5EA7700A3A84B /* Specs.swift in Sources */,
				6ADE704E29C5A5C800A3A84B /* GlanceCollectionViewCell.swift in Sources */,
				6ADE702129C53C7200A3A84B /* AppDelegate.swift in Sources */,
				6ADE707629C8442E00A3A84B /* AudioHelper.swift in Sources */,
				6ADE703629C53DE000A3A84B /* GlanceViewController.swift in Sources */,
				6ADE703D29C53F0A00A3A84B /* MemoryViewController.swift in Sources */,
				6ADE706F29C6CB9B00A3A84B /* MemoryCollectionViewCell.swift in Sources */,
				6ADE705C29C5DD2A00A3A84B /* FixationItemView.swift in Sources */,
				6ADE707829C93FC700A3A84B /* NetworkRequester.swift in Sources */,
				6ADE705329C5AC4B00A3A84B /* SceneModel.swift in Sources */,
				6ADE705A29C5CA4800A3A84B /* NavigationTopViewController.swift in Sources */,
				6ADE705629C5BE3800A3A84B /* Toast.swift in Sources */,
				6ADE703929C53E7400A3A84B /* FixationViewController.swift in Sources */,
				6ADE702329C53C7200A3A84B /* SceneDelegate.swift in Sources */,
			);
			runOnlyForDeploymentPostprocessing = 0;
		};
/* End PBXSourcesBuildPhase section */

/* Begin PBXVariantGroup section */
		6ADE702629C53C7200A3A84B /* Main.storyboard */ = {
			isa = PBXVariantGroup;
			children = (
				6ADE702729C53C7200A3A84B /* Base */,
			);
			name = Main.storyboard;
			sourceTree = "<group>";
		};
		6ADE702B29C53C7300A3A84B /* LaunchScreen.storyboard */ = {
			isa = PBXVariantGroup;
			children = (
				6ADE702C29C53C7300A3A84B /* Base */,
			);
			name = LaunchScreen.storyboard;
			sourceTree = "<group>";
		};
/* End PBXVariantGroup section */

/* Begin XCBuildConfiguration section */
		6ADE702F29C53C7300A3A84B /* Debug */ = {
			isa = XCBuildConfiguration;
			buildSettings = {
				ALWAYS_SEARCH_USER_PATHS = NO;
				CLANG_ANALYZER_NONNULL = YES;
				CLANG_ANALYZER_NUMBER_OBJECT_CONVERSION = YES_AGGRESSIVE;
				CLANG_CXX_LANGUAGE_STANDARD = "gnu++20";
				CLANG_ENABLE_MODULES = YES;
				CLANG_ENABLE_OBJC_ARC = YES;
				CLANG_ENABLE_OBJC_WEAK = YES;
				CLANG_WARN_BLOCK_CAPTURE_AUTORELEASING = YES;
				CLANG_WARN_BOOL_CONVERSION = YES;
				CLANG_WARN_COMMA = YES;
				CLANG_WARN_CONSTANT_CONVERSION = YES;
				CLANG_WARN_DEPRECATED_OBJC_IMPLEMENTATIONS = YES;
				CLANG_WARN_DIRECT_OBJC_ISA_USAGE = YES_ERROR;
				CLANG_WARN_DOCUMENTATION_COMMENTS = YES;
				CLANG_WARN_EMPTY_BODY = YES;
				CLANG_WARN_ENUM_CONVERSION = YES;
				CLANG_WARN_INFINITE_RECURSION = YES;
				CLANG_WARN_INT_CONVERSION = YES;
				CLANG_WARN_NON_LITERAL_NULL_CONVERSION = YES;
				CLANG_WARN_OBJC_IMPLICIT_RETAIN_SELF = YES;
				CLANG_WARN_OBJC_LITERAL_CONVERSION = YES;
				CLANG_WARN_OBJC_ROOT_CLASS = YES_ERROR;
				CLANG_WARN_QUOTED_INCLUDE_IN_FRAMEWORK_HEADER = YES;
				CLANG_WARN_RANGE_LOOP_ANALYSIS = YES;
				CLANG_WARN_STRICT_PROTOTYPES = YES;
				CLANG_WARN_SUSPICIOUS_MOVE = YES;
				CLANG_WARN_UNGUARDED_AVAILABILITY = YES_AGGRESSIVE;
				CLANG_WARN_UNREACHABLE_CODE = YES;
				CLANG_WARN__DUPLICATE_METHOD_MATCH = YES;
				COPY_PHASE_STRIP = NO;
				DEBUG_INFORMATION_FORMAT = dwarf;
				ENABLE_STRICT_OBJC_MSGSEND = YES;
				ENABLE_TESTABILITY = YES;
				GCC_C_LANGUAGE_STANDARD = gnu11;
				GCC_DYNAMIC_NO_PIC = NO;
				GCC_NO_COMMON_BLOCKS = YES;
				GCC_OPTIMIZATION_LEVEL = 0;
				GCC_PREPROCESSOR_DEFINITIONS = (
					"DEBUG=1",
					"$(inherited)",
				);
				GCC_WARN_64_TO_32_BIT_CONVERSION = YES;
				GCC_WARN_ABOUT_RETURN_TYPE = YES_ERROR;
				GCC_WARN_UNDECLARED_SELECTOR = YES;
				GCC_WARN_UNINITIALIZED_AUTOS = YES_AGGRESSIVE;
				GCC_WARN_UNUSED_FUNCTION = YES;
				GCC_WARN_UNUSED_VARIABLE = YES;
				IPHONEOS_DEPLOYMENT_TARGET = 16.1;
				MTL_ENABLE_DEBUG_INFO = INCLUDE_SOURCE;
				MTL_FAST_MATH = YES;
				ONLY_ACTIVE_ARCH = YES;
				SDKROOT = iphoneos;
				SWIFT_ACTIVE_COMPILATION_CONDITIONS = DEBUG;
				SWIFT_OPTIMIZATION_LEVEL = "-Onone";
			};
			name = Debug;
		};
		6ADE703029C53C7300A3A84B /* Release */ = {
			isa = XCBuildConfiguration;
			buildSettings = {
				ALWAYS_SEARCH_USER_PATHS = NO;
				CLANG_ANALYZER_NONNULL = YES;
				CLANG_ANALYZER_NUMBER_OBJECT_CONVERSION = YES_AGGRESSIVE;
				CLANG_CXX_LANGUAGE_STANDARD = "gnu++20";
				CLANG_ENABLE_MODULES = YES;
				CLANG_ENABLE_OBJC_ARC = YES;
				CLANG_ENABLE_OBJC_WEAK = YES;
				CLANG_WARN_BLOCK_CAPTURE_AUTORELEASING = YES;
				CLANG_WARN_BOOL_CONVERSION = YES;
				CLANG_WARN_COMMA = YES;
				CLANG_WARN_CONSTANT_CONVERSION = YES;
				CLANG_WARN_DEPRECATED_OBJC_IMPLEMENTATIONS = YES;
				CLANG_WARN_DIRECT_OBJC_ISA_USAGE = YES_ERROR;
				CLANG_WARN_DOCUMENTATION_COMMENTS = YES;
				CLANG_WARN_EMPTY_BODY = YES;
				CLANG_WARN_ENUM_CONVERSION = YES;
				CLANG_WARN_INFINITE_RECURSION = YES;
				CLANG_WARN_INT_CONVERSION = YES;
				CLANG_WARN_NON_LITERAL_NULL_CONVERSION = YES;
				CLANG_WARN_OBJC_IMPLICIT_RETAIN_SELF = YES;
				CLANG_WARN_OBJC_LITERAL_CONVERSION = YES;
				CLANG_WARN_OBJC_ROOT_CLASS = YES_ERROR;
				CLANG_WARN_QUOTED_INCLUDE_IN_FRAMEWORK_HEADER = YES;
				CLANG_WARN_RANGE_LOOP_ANALYSIS = YES;
				CLANG_WARN_STRICT_PROTOTYPES = YES;
				CLANG_WARN_SUSPICIOUS_MOVE = YES;
				CLANG_WARN_UNGUARDED_AVAILABILITY = YES_AGGRESSIVE;
				CLANG_WARN_UNREACHABLE_CODE = YES;
				CLANG_WARN__DUPLICATE_METHOD_MATCH = YES;
				COPY_PHASE_STRIP = NO;
				DEBUG_INFORMATION_FORMAT = "dwarf-with-dsym";
				ENABLE_NS_ASSERTIONS = NO;
				ENABLE_STRICT_OBJC_MSGSEND = YES;
				GCC_C_LANGUAGE_STANDARD = gnu11;
				GCC_NO_COMMON_BLOCKS = YES;
				GCC_WARN_64_TO_32_BIT_CONVERSION = YES;
				GCC_WARN_ABOUT_RETURN_TYPE = YES_ERROR;
				GCC_WARN_UNDECLARED_SELECTOR = YES;
				GCC_WARN_UNINITIALIZED_AUTOS = YES_AGGRESSIVE;
				GCC_WARN_UNUSED_FUNCTION = YES;
				GCC_WARN_UNUSED_VARIABLE = YES;
				IPHONEOS_DEPLOYMENT_TARGET = 16.1;
				MTL_ENABLE_DEBUG_INFO = NO;
				MTL_FAST_MATH = YES;
				SDKROOT = iphoneos;
				SWIFT_COMPILATION_MODE = wholemodule;
				SWIFT_OPTIMIZATION_LEVEL = "-O";
				VALIDATE_PRODUCT = YES;
			};
			name = Release;
		};
		6ADE703229C53C7300A3A84B /* Debug */ = {
			isa = XCBuildConfiguration;
			buildSettings = {
				ASSETCATALOG_COMPILER_APPICON_NAME = AppIcon;
				ASSETCATALOG_COMPILER_GLOBAL_ACCENT_COLOR_NAME = AccentColor;
				CODE_SIGN_STYLE = Automatic;
				CURRENT_PROJECT_VERSION = 1;
				DEVELOPMENT_TEAM = DUPQ36T9L8;
				GENERATE_INFOPLIST_FILE = YES;
				INFOPLIST_FILE = SightGuide/Info.plist;
				INFOPLIST_KEY_NSMicrophoneUsageDescription = "需要麦克风权限";
				INFOPLIST_KEY_NSSpeechRecognitionUsageDescription = "需要朗读权限";
				INFOPLIST_KEY_UIApplicationSupportsIndirectInputEvents = YES;
				INFOPLIST_KEY_UILaunchStoryboardName = LaunchScreen;
				INFOPLIST_KEY_UIMainStoryboardFile = Main;
				INFOPLIST_KEY_UISupportedInterfaceOrientations = "UIInterfaceOrientationLandscapeRight UIInterfaceOrientationPortrait";
				INFOPLIST_KEY_UISupportedInterfaceOrientations_iPad = "UIInterfaceOrientationLandscapeLeft UIInterfaceOrientationLandscapeRight UIInterfaceOrientationPortrait UIInterfaceOrientationPortraitUpsideDown";
				IPHONEOS_DEPLOYMENT_TARGET = 16.0;
				LD_RUNPATH_SEARCH_PATHS = (
					"$(inherited)",
					"@executable_path/Frameworks",
				);
				MARKETING_VERSION = 1.0;
				PRODUCT_BUNDLE_IDENTIFIER = edu.tsinghua.SightGuide;
				PRODUCT_NAME = "$(TARGET_NAME)";
				SWIFT_EMIT_LOC_STRINGS = YES;
				SWIFT_VERSION = 5.0;
				TARGETED_DEVICE_FAMILY = "1,2";
			};
			name = Debug;
		};
		6ADE703329C53C7300A3A84B /* Release */ = {
			isa = XCBuildConfiguration;
			buildSettings = {
				ASSETCATALOG_COMPILER_APPICON_NAME = AppIcon;
				ASSETCATALOG_COMPILER_GLOBAL_ACCENT_COLOR_NAME = AccentColor;
				CODE_SIGN_STYLE = Automatic;
				CURRENT_PROJECT_VERSION = 1;
				DEVELOPMENT_TEAM = DUPQ36T9L8;
				GENERATE_INFOPLIST_FILE = YES;
				INFOPLIST_FILE = SightGuide/Info.plist;
				INFOPLIST_KEY_NSMicrophoneUsageDescription = "需要麦克风权限";
				INFOPLIST_KEY_NSSpeechRecognitionUsageDescription = "需要朗读权限";
				INFOPLIST_KEY_UIApplicationSupportsIndirectInputEvents = YES;
				INFOPLIST_KEY_UILaunchStoryboardName = LaunchScreen;
				INFOPLIST_KEY_UIMainStoryboardFile = Main;
				INFOPLIST_KEY_UISupportedInterfaceOrientations = "UIInterfaceOrientationLandscapeRight UIInterfaceOrientationPortrait";
				INFOPLIST_KEY_UISupportedInterfaceOrientations_iPad = "UIInterfaceOrientationLandscapeLeft UIInterfaceOrientationLandscapeRight UIInterfaceOrientationPortrait UIInterfaceOrientationPortraitUpsideDown";
				IPHONEOS_DEPLOYMENT_TARGET = 16.0;
				LD_RUNPATH_SEARCH_PATHS = (
					"$(inherited)",
					"@executable_path/Frameworks",
				);
				MARKETING_VERSION = 1.0;
				PRODUCT_BUNDLE_IDENTIFIER = edu.tsinghua.SightGuide;
				PRODUCT_NAME = "$(TARGET_NAME)";
				SWIFT_EMIT_LOC_STRINGS = YES;
				SWIFT_VERSION = 5.0;
				TARGETED_DEVICE_FAMILY = "1,2";
			};
			name = Release;
		};
/* End XCBuildConfiguration section */

/* Begin XCConfigurationList section */
		6ADE701829C53C7200A3A84B /* Build configuration list for PBXProject "SightGuide" */ = {
			isa = XCConfigurationList;
			buildConfigurations = (
				6ADE702F29C53C7300A3A84B /* Debug */,
				6ADE703029C53C7300A3A84B /* Release */,
			);
			defaultConfigurationIsVisible = 0;
			defaultConfigurationName = Release;
		};
		6ADE703129C53C7300A3A84B /* Build configuration list for PBXNativeTarget "SightGuide" */ = {
			isa = XCConfigurationList;
			buildConfigurations = (
				6ADE703229C53C7300A3A84B /* Debug */,
				6ADE703329C53C7300A3A84B /* Release */,
			);
			defaultConfigurationIsVisible = 0;
			defaultConfigurationName = Release;
		};
/* End XCConfigurationList section */
	};
	rootObject = 6ADE701529C53C7200A3A84B /* Project object */;
}
